{
  "name": "regl-error2d",
  "version": "2.0.5",
  "lockfileVersion": 1,
  "requires": true,
  "dependencies": {
    "acorn": {
      "version": "5.7.3",
      "resolved": "https://registry.npmjs.org/acorn/-/acorn-5.7.3.tgz",
      "integrity": "sha512-T/zvzYRfbVojPWahDsE5evJdHb3oJoQfFbsrKM7w5Zcs++Tr257tia3BmMP8XYVjp1S9RZXQMh7gao96BlqZOw==",
      "dev": true
    },
    "almost-equal": {
      "version": "1.1.0",
      "resolved": "https://registry.npmjs.org/almost-equal/-/almost-equal-1.1.0.tgz",
      "integrity": "sha1-+FHGMROHV5lCdqou++jfowZszN0="
    },
    "ansi-styles": {
      "version": "3.2.1",
      "resolved": "https://registry.npmjs.org/ansi-styles/-/ansi-styles-3.2.1.tgz",
      "integrity": "sha512-VT0ZI6kZRdTh8YyJw3SMbYm/u+NqfsAxEpWO0Pf9sq8/e94WxxOpPKx9FR1FlyCtOVDNOQ+8ntlqFxiRc+r5qA==",
      "requires": {
        "color-convert": "^1.9.0"
      }
    },
    "array-bounds": {
      "version": "1.0.1",
      "resolved": "https://registry.npmjs.org/array-bounds/-/array-bounds-1.0.1.tgz",
      "integrity": "sha512-8wdW3ZGk6UjMPJx/glyEt0sLzzwAE1bhToPsO1W2pbpR2gULyxe3BjSiuJFheP50T/GgODVPz2fuMUmIywt8cQ=="
    },
    "arrify": {
      "version": "1.0.1",
      "resolved": "https://registry.npmjs.org/arrify/-/arrify-1.0.1.tgz",
      "integrity": "sha1-iYUI2iIm84DfkEcoRWhJwVAaSw0=",
      "dev": true
    },
    "brfs": {
      "version": "1.6.1",
      "resolved": "https://registry.npmjs.org/brfs/-/brfs-1.6.1.tgz",
      "integrity": "sha512-OfZpABRQQf+Xsmju8XE9bDjs+uU4vLREGolP7bDgcpsI17QREyZ4Bl+2KLxxx1kCgA0fAIhKQBaBYh+PEcCqYQ==",
      "dev": true,
      "requires": {
        "quote-stream": "^1.0.1",
        "resolve": "^1.1.5",
        "static-module": "^2.2.0",
        "through2": "^2.0.0"
      }
    },
    "buble": {
      "version": "0.19.6",
      "resolved": "https://registry.npmjs.org/buble/-/buble-0.19.6.tgz",
      "integrity": "sha512-9kViM6nJA1Q548Jrd06x0geh+BG2ru2+RMDkIHHgJY/8AcyCs34lTHwra9BX7YdPrZXd5aarkpr/SY8bmPgPdg==",
      "requires": {
        "chalk": "^2.4.1",
        "magic-string": "^0.25.1",
        "minimist": "^1.2.0",
        "os-homedir": "^1.0.1",
        "regexpu-core": "^4.2.0",
        "vlq": "^1.0.0"
      }
    },
    "bubleify": {
      "version": "1.2.0",
      "resolved": "https://registry.npmjs.org/bubleify/-/bubleify-1.2.0.tgz",
      "integrity": "sha512-SJnUsR+f8WeDw0K2l1S+VuYI33Cu5Gfghe5jTow/fpJueNtnwyoECyfCGsDuFoQt4QGhjpV3LYPpN0hxy90LgA==",
      "requires": {
        "buble": "^0.19.3"
      }
    },
    "buffer-equal": {
      "version": "0.0.1",
      "resolved": "https://registry.npmjs.org/buffer-equal/-/buffer-equal-0.0.1.tgz",
      "integrity": "sha1-kbx0sR6kBbyRa8aqkI+q+ltKrEs=",
      "dev": true
    },
    "buffer-from": {
      "version": "1.1.1",
      "resolved": "https://registry.npmjs.org/buffer-from/-/buffer-from-1.1.1.tgz",
      "integrity": "sha512-MQcXEUbCKtEo7bhqEs6560Hyd4XaovZlO/k9V3hjVUF/zwW7KBVdSK4gIt/bzwS9MbR5qob+F5jusZsb0YQK2A==",
      "dev": true
    },
    "buffer-to-arraybuffer": {
      "version": "0.0.5",
      "resolved": "https://registry.npmjs.org/buffer-to-arraybuffer/-/buffer-to-arraybuffer-0.0.5.tgz",
      "integrity": "sha1-YGSkD6dutDxyOrqe+PbhIW0QURo=",
      "dev": true
    },
    "canvas-fit": {
      "version": "1.5.0",
      "resolved": "https://registry.npmjs.org/canvas-fit/-/canvas-fit-1.5.0.tgz",
      "integrity": "sha1-rhO+Zq3kL1vg5IfjRfzjCl5bXl8=",
      "dev": true,
      "requires": {
        "element-size": "^1.1.1"
      }
    },
    "chalk": {
      "version": "2.4.2",
      "resolved": "https://registry.npmjs.org/chalk/-/chalk-2.4.2.tgz",
      "integrity": "sha512-Mti+f9lpJNcwF4tWV8/OrTTtF1gZi+f8FqlyAdouralcFWFQWF2+NgCHShjkCb+IFBLq9buZwE1xckQU4peSuQ==",
      "requires": {
        "ansi-styles": "^3.2.1",
        "escape-string-regexp": "^1.0.5",
        "supports-color": "^5.3.0"
      }
    },
    "chttps": {
      "version": "1.0.6",
      "resolved": "https://registry.npmjs.org/chttps/-/chttps-1.0.6.tgz",
      "integrity": "sha512-53/mkdPvQzlHAb/2sYNj4PXGdIeXygdx2VA8RjHtKwBXjuqHlmC0S81bD43d3kq+ie9noxe9CW2CU/JG1KWu7A==",
      "dev": true
    },
    "clamp": {
      "version": "1.0.1",
      "resolved": "https://registry.npmjs.org/clamp/-/clamp-1.0.1.tgz",
      "integrity": "sha1-ZqDmQBGBbjcZaCj9yMjBRzEshjQ="
    },
    "color-convert": {
      "version": "1.9.3",
      "resolved": "https://registry.npmjs.org/color-convert/-/color-convert-1.9.3.tgz",
      "integrity": "sha512-QfAUtd+vFdAtFQcC8CCyYt1fYWxSqAiK2cSD6zDB8N3cpsEBAvRxp9zOGg6G/SHHJYAT88/az/IuDGALsNVbGg==",
      "requires": {
        "color-name": "1.1.3"
      }
    },
    "color-name": {
      "version": "1.1.3",
      "resolved": "https://registry.npmjs.org/color-name/-/color-name-1.1.3.tgz",
      "integrity": "sha1-p9BVi9icQveV3UIyj3QIMcpTvCU="
    },
    "color-normalize": {
      "version": "1.3.0",
      "resolved": "https://registry.npmjs.org/color-normalize/-/color-normalize-1.3.0.tgz",
      "integrity": "sha512-BfOC/x9Q7bmrR1t/Mflfr9c4ZEbr3B+Sz3pWNG6xkcB8mFtF8z32MStJK0NSBmFVhHtFlfXQKOYC/ADbqmxHzg==",
      "requires": {
        "clamp": "^1.0.1",
        "color-rgba": "^2.1.0",
        "dtype": "^2.0.0"
      }
    },
    "color-parse": {
      "version": "1.3.7",
      "resolved": "https://registry.npmjs.org/color-parse/-/color-parse-1.3.7.tgz",
      "integrity": "sha512-8G6rPfyTZhWYKU7D2hwywTjA4YlqX/Z7ClqTEzh5ENc5QkLOff0u8EuyNZR6xScEBhWpAyiDrrVGNUE/Btg2LA==",
      "requires": {
        "color-name": "^1.0.0",
        "defined": "^1.0.0",
        "is-plain-obj": "^1.1.0"
      }
    },
    "color-rgba": {
      "version": "2.1.0",
      "resolved": "https://registry.npmjs.org/color-rgba/-/color-rgba-2.1.0.tgz",
      "integrity": "sha512-yAmMouVOLRAtYJwP52qymiscIMpw2g7VO82pkW+a88BpW1AZ+O6JDxAAojLljGO0pQkkvZLLN9oQNTEgT+RFiw==",
      "requires": {
        "clamp": "^1.0.1",
        "color-parse": "^1.3.7",
        "color-space": "^1.14.6"
      }
    },
    "color-space": {
      "version": "1.16.0",
      "resolved": "https://registry.npmjs.org/color-space/-/color-space-1.16.0.tgz",
      "integrity": "sha512-A6WMiFzunQ8KEPFmj02OnnoUnqhmSaHaZ/0LVFcPTdlvm8+3aMJ5x1HRHy3bDHPkovkf4sS0f4wsVvwk71fKkg==",
      "requires": {
        "hsluv": "^0.0.3",
        "mumath": "^3.3.4"
      }
    },
    "concat-stream": {
      "version": "1.6.2",
      "resolved": "https://registry.npmjs.org/concat-stream/-/concat-stream-1.6.2.tgz",
      "integrity": "sha512-27HBghJxjiZtIk3Ycvn/4kbJk/1uZuJFfuPEns6LaEvpvG1f0hTea8lilrouyo9mVc2GWdcEZ8OLoGmSADlrCw==",
      "dev": true,
      "requires": {
        "buffer-from": "^1.0.0",
        "inherits": "^2.0.3",
        "readable-stream": "^2.2.2",
        "typedarray": "^0.0.6"
      }
    },
    "convert-source-map": {
      "version": "1.6.0",
      "resolved": "https://registry.npmjs.org/convert-source-map/-/convert-source-map-1.6.0.tgz",
      "integrity": "sha512-eFu7XigvxdZ1ETfbgPBohgyQ/Z++C0eEhTor0qRwBw9unw+L0/6V8wkSuGgzdThkiS5lSpdptOQPD8Ak40a+7A==",
      "dev": true,
      "requires": {
        "safe-buffer": "~5.1.1"
      }
    },
    "core-util-is": {
      "version": "1.0.2",
      "resolved": "https://registry.npmjs.org/core-util-is/-/core-util-is-1.0.2.tgz",
      "integrity": "sha1-tf1UIgqivFq1eqtxQMlAdUUDwac=",
      "dev": true
    },
    "decode-uri-component": {
      "version": "0.2.0",
      "resolved": "https://registry.npmjs.org/decode-uri-component/-/decode-uri-component-0.2.0.tgz",
      "integrity": "sha1-6zkTMzRYd1y4TNGh+uBiEGu4dUU=",
      "dev": true
    },
    "decompress-response": {
      "version": "3.3.0",
      "resolved": "https://registry.npmjs.org/decompress-response/-/decompress-response-3.3.0.tgz",
      "integrity": "sha1-gKTdMjdIOEv6JICDYirt7Jgq3/M=",
      "dev": true,
      "requires": {
        "mimic-response": "^1.0.0"
      }
    },
    "deep-is": {
      "version": "0.1.3",
      "resolved": "https://registry.npmjs.org/deep-is/-/deep-is-0.1.3.tgz",
      "integrity": "sha1-s2nW+128E+7PUk+RsHD+7cNXzzQ=",
      "dev": true
    },
    "defined": {
      "version": "1.0.0",
      "resolved": "https://registry.npmjs.org/defined/-/defined-1.0.0.tgz",
      "integrity": "sha1-yY2bzvdWdBiOEQlpFRGZ45sfppM="
    },
    "dom-walk": {
      "version": "0.1.1",
      "resolved": "https://registry.npmjs.org/dom-walk/-/dom-walk-0.1.1.tgz",
      "integrity": "sha1-ZyIm3HTI95mtNTB9+TaroRrNYBg=",
      "dev": true
    },
    "dprop": {
      "version": "1.0.0",
      "resolved": "https://registry.npmjs.org/dprop/-/dprop-1.0.0.tgz",
      "integrity": "sha1-X0WmCmD6OsHQ9otrQ1gx8v9mVGg=",
      "dev": true
    },
    "dtype": {
      "version": "2.0.0",
      "resolved": "https://registry.npmjs.org/dtype/-/dtype-2.0.0.tgz",
      "integrity": "sha1-zQUjI84GFETs0uj1dI9popvihDQ="
    },
    "duplexer2": {
      "version": "0.1.4",
      "resolved": "https://registry.npmjs.org/duplexer2/-/duplexer2-0.1.4.tgz",
      "integrity": "sha1-ixLauHjA1p4+eJEFFmKjL8a93ME=",
      "dev": true,
      "requires": {
        "readable-stream": "^2.0.2"
      }
    },
    "element-size": {
      "version": "1.1.1",
      "resolved": "https://registry.npmjs.org/element-size/-/element-size-1.1.1.tgz",
      "integrity": "sha1-ZOXxWdlxIWMYRby67K8nnDm1404=",
      "dev": true
    },
    "enable-mobile": {
      "version": "1.0.7",
      "resolved": "https://registry.npmjs.org/enable-mobile/-/enable-mobile-1.0.7.tgz",
      "integrity": "sha1-cOTkff89ofaqvgAaTidW6LZQEQk=",
      "dev": true,
      "requires": {
        "brfs": "^1.4.3",
        "get-float-time-domain-data": "^0.1.0",
        "insert-styles": "^1.2.1",
        "normalize.css": "^8.0.1",
        "typedarray-methods": "^1.0.0"
      }
    },
    "escape-string-regexp": {
      "version": "1.0.5",
      "resolved": "https://registry.npmjs.org/escape-string-regexp/-/escape-string-regexp-1.0.5.tgz",
      "integrity": "sha1-G2HAViGQqN/2rjuyzwIAyhMLhtQ="
    },
    "escodegen": {
      "version": "1.9.1",
      "resolved": "https://registry.npmjs.org/escodegen/-/escodegen-1.9.1.tgz",
      "integrity": "sha512-6hTjO1NAWkHnDk3OqQ4YrCuwwmGHL9S3nPlzBOUG/R44rda3wLNrfvQ5fkSGjyhHFKM7ALPKcKGrwvCLe0lC7Q==",
      "dev": true,
      "requires": {
        "esprima": "^3.1.3",
        "estraverse": "^4.2.0",
        "esutils": "^2.0.2",
        "optionator": "^0.8.1",
        "source-map": "~0.6.1"
      }
    },
    "esprima": {
      "version": "3.1.3",
      "resolved": "https://registry.npmjs.org/esprima/-/esprima-3.1.3.tgz",
      "integrity": "sha1-/cpRzuYTOJXjyI1TXOSdv/YqRjM=",
      "dev": true
    },
    "estraverse": {
      "version": "4.2.0",
      "resolved": "https://registry.npmjs.org/estraverse/-/estraverse-4.2.0.tgz",
      "integrity": "sha1-De4/7TH81GlhjOc0IJn8GvoL2xM=",
      "dev": true
    },
    "esutils": {
      "version": "2.0.2",
      "resolved": "https://registry.npmjs.org/esutils/-/esutils-2.0.2.tgz",
      "integrity": "sha1-Cr9PHKpbyx96nYrMbepPqqBLrJs=",
      "dev": true
    },
    "events": {
      "version": "1.1.1",
      "resolved": "https://registry.npmjs.org/events/-/events-1.1.1.tgz",
      "integrity": "sha1-nr23Y1rQmccNzEwqH1AEKI6L2SQ=",
      "dev": true
    },
    "falafel": {
      "version": "2.1.0",
      "resolved": "https://registry.npmjs.org/falafel/-/falafel-2.1.0.tgz",
      "integrity": "sha1-lrsXdh2rqU9G0AFzizzt86Z/4Gw=",
      "dev": true,
      "requires": {
        "acorn": "^5.0.0",
        "foreach": "^2.0.5",
        "isarray": "0.0.1",
        "object-keys": "^1.0.6"
      },
      "dependencies": {
        "isarray": {
          "version": "0.0.1",
          "resolved": "https://registry.npmjs.org/isarray/-/isarray-0.0.1.tgz",
          "integrity": "sha1-ihis/Kmo9Bd+Cav8YDiTmwXR7t8=",
          "dev": true
        }
      }
    },
    "fast-levenshtein": {
      "version": "2.0.6",
      "resolved": "https://registry.npmjs.org/fast-levenshtein/-/fast-levenshtein-2.0.6.tgz",
      "integrity": "sha1-PYpcZog6FqMMqGQ+hR8Zuqd5eRc=",
      "dev": true
    },
    "flatten-vertex-data": {
      "version": "1.0.2",
      "resolved": "https://registry.npmjs.org/flatten-vertex-data/-/flatten-vertex-data-1.0.2.tgz",
      "integrity": "sha512-BvCBFK2NZqerFTdMDgqfHBwxYWnxeCkwONsw6PvBMcUXqo8U/KDWwmXhqx1x2kLIg7DqIsJfOaJFOmlua3Lxuw==",
      "requires": {
        "dtype": "^2.0.0"
      }
    },
    "for-each": {
      "version": "0.3.3",
      "resolved": "https://registry.npmjs.org/for-each/-/for-each-0.3.3.tgz",
      "integrity": "sha512-jqYfLp7mo9vIyQf8ykW2v7A+2N4QjeCeI5+Dz9XraiO1ign81wjiH7Fb9vSOWvQfNtmSa4H2RoQTrrXivdUZmw==",
      "dev": true,
      "requires": {
        "is-callable": "^1.1.3"
      }
    },
    "foreach": {
      "version": "2.0.5",
      "resolved": "https://registry.npmjs.org/foreach/-/foreach-2.0.5.tgz",
      "integrity": "sha1-C+4AUBiusmDQo6865ljdATbsG5k=",
      "dev": true
    },
    "fps-indicator": {
      "version": "1.3.0",
      "resolved": "https://registry.npmjs.org/fps-indicator/-/fps-indicator-1.3.0.tgz",
      "integrity": "sha512-SUNJptVq4IPWJIqVakJZ4N9jgJf9OD2BHdVylAHJd+Or5m4z+hTl1qiRfxgTSghS91o4/Tb61yUGjdwWLQ6dLA==",
      "dev": true,
      "requires": {
        "raf": "^3.4.1",
        "right-now": "^1.0.0",
        "to-css": "^1.2.1"
      }
    },
    "function-bind": {
      "version": "1.1.1",
      "resolved": "https://registry.npmjs.org/function-bind/-/function-bind-1.1.1.tgz",
      "integrity": "sha512-yIovAzMX49sF8Yl58fSCWJ5svSLuaibPxXQJFLmBObTuCr0Mf1KiPopGM9NiFjiYBCbfaa2Fh6breQ6ANVTI0A==",
      "dev": true
    },
    "gauss-random": {
      "version": "1.0.1",
      "resolved": "https://registry.npmjs.org/gauss-random/-/gauss-random-1.0.1.tgz",
      "integrity": "sha1-lk1uMygd7i+5cUVXy3avY51CLB8=",
      "dev": true
    },
    "get-float-time-domain-data": {
      "version": "0.1.0",
      "resolved": "https://registry.npmjs.org/get-float-time-domain-data/-/get-float-time-domain-data-0.1.0.tgz",
      "integrity": "sha1-XYVZJKQwOITJY4qrEnzOTQBlljs=",
      "dev": true
    },
    "gl-vec2": {
      "version": "1.3.0",
      "resolved": "https://registry.npmjs.org/gl-vec2/-/gl-vec2-1.3.0.tgz",
      "integrity": "sha512-YiqaAuNsheWmUV0Sa8k94kBB0D6RWjwZztyO+trEYS8KzJ6OQB/4686gdrf59wld4hHFIvaxynO3nRxpk1Ij/A==",
      "dev": true
    },
    "global": {
      "version": "4.3.2",
      "resolved": "https://registry.npmjs.org/global/-/global-4.3.2.tgz",
      "integrity": "sha1-52mJJopsdMOJCLEwWxD8DjlOnQ8=",
      "dev": true,
      "requires": {
        "min-document": "^2.19.0",
        "process": "~0.5.1"
      }
    },
    "has": {
      "version": "1.0.3",
      "resolved": "https://registry.npmjs.org/has/-/has-1.0.3.tgz",
      "integrity": "sha512-f2dvO0VU6Oej7RkWJGrehjbzMAjFp5/VKPp5tTpWIV4JHHZK1/BxbFRtf/siA2SWTe09caDmVtYYzWEIbBS4zw==",
      "dev": true,
      "requires": {
        "function-bind": "^1.1.1"
      }
    },
    "has-flag": {
      "version": "3.0.0",
      "resolved": "https://registry.npmjs.org/has-flag/-/has-flag-3.0.0.tgz",
      "integrity": "sha1-tdRU3CGZriJWmfNGfloH87lVuv0="
    },
    "hsluv": {
      "version": "0.0.3",
      "resolved": "https://registry.npmjs.org/hsluv/-/hsluv-0.0.3.tgz",
      "integrity": "sha1-gpEH2vtKn4tSoYCe0C4JHq3mdUw="
    },
    "impetus": {
      "version": "0.8.8",
      "resolved": "https://registry.npmjs.org/impetus/-/impetus-0.8.8.tgz",
      "integrity": "sha512-7ejVjFxRAiBlnZQbdNGzUGgxMvLjVke/QNP2TFN/VK8baASsuRiE8YuSbD0qyiU8Pae+w95De4ZYz+rxSo5FJw==",
      "dev": true
    },
    "inherits": {
      "version": "2.0.3",
      "resolved": "https://registry.npmjs.org/inherits/-/inherits-2.0.3.tgz",
      "integrity": "sha1-Yzwsg+PaQqUC9SRmAiSA9CCCYd4=",
      "dev": true
    },
    "insert-styles": {
      "version": "1.2.1",
      "resolved": "https://registry.npmjs.org/insert-styles/-/insert-styles-1.2.1.tgz",
      "integrity": "sha1-nNhMIJa9VB6j4ZI2Ere2BMnB1TI=",
      "dev": true
    },
    "is-callable": {
      "version": "1.1.4",
      "resolved": "https://registry.npmjs.org/is-callable/-/is-callable-1.1.4.tgz",
      "integrity": "sha512-r5p9sxJjYnArLjObpjA4xu5EKI3CuKHkJXMhT7kwbpUyIFD1n5PMAsoPvWnvtZiNz7LjkYDRZhd7FlI0eMijEA==",
      "dev": true
    },
    "is-function": {
      "version": "1.0.1",
      "resolved": "https://registry.npmjs.org/is-function/-/is-function-1.0.1.tgz",
      "integrity": "sha1-Es+5i2W1fdPRk6MSH19uL0N2ArU=",
      "dev": true
    },
    "is-plain-obj": {
      "version": "1.1.0",
      "resolved": "https://registry.npmjs.org/is-plain-obj/-/is-plain-obj-1.1.0.tgz",
      "integrity": "sha1-caUMhCnfync8kqOQpKA7OfzVHT4="
    },
    "isarray": {
      "version": "1.0.0",
      "resolved": "https://registry.npmjs.org/isarray/-/isarray-1.0.0.tgz",
      "integrity": "sha1-u5NdSFgsuhaMBoNJV6VKPgcSTxE=",
      "dev": true
    },
    "jsesc": {
      "version": "0.5.0",
      "resolved": "https://registry.npmjs.org/jsesc/-/jsesc-0.5.0.tgz",
      "integrity": "sha1-597mbjXW/Bb3EP6R1c9p9w8IkR0="
    },
    "levn": {
      "version": "0.3.0",
      "resolved": "https://registry.npmjs.org/levn/-/levn-0.3.0.tgz",
      "integrity": "sha1-OwmSTt+fCDwEkP3UwLxEIeBHZO4=",
      "dev": true,
      "requires": {
        "prelude-ls": "~1.1.2",
        "type-check": "~0.3.2"
      }
    },
    "magic-string": {
      "version": "0.25.1",
      "resolved": "https://registry.npmjs.org/magic-string/-/magic-string-0.25.1.tgz",
      "integrity": "sha512-sCuTz6pYom8Rlt4ISPFn6wuFodbKMIHUMv4Qko9P17dpxb7s52KJTmRuZZqHdGmLCK9AOcDare039nRIcfdkEg==",
      "requires": {
        "sourcemap-codec": "^1.4.1"
      }
    },
    "map-limit": {
      "version": "0.0.1",
      "resolved": "https://registry.npmjs.org/map-limit/-/map-limit-0.0.1.tgz",
      "integrity": "sha1-63lhAxwPDo0AG/LVb6toXViCLzg=",
      "dev": true,
      "requires": {
        "once": "~1.3.0"
      }
    },
    "merge-source-map": {
      "version": "1.0.4",
      "resolved": "https://registry.npmjs.org/merge-source-map/-/merge-source-map-1.0.4.tgz",
      "integrity": "sha1-pd5GU42uhNQRTMXqArR3KmNGcB8=",
      "dev": true,
      "requires": {
        "source-map": "^0.5.6"
      },
      "dependencies": {
        "source-map": {
          "version": "0.5.7",
          "resolved": "https://registry.npmjs.org/source-map/-/source-map-0.5.7.tgz",
          "integrity": "sha1-igOdLRAh0i0eoUyA2OpGi6LvP8w=",
          "dev": true
        }
      }
    },
    "mimic-response": {
      "version": "1.0.1",
      "resolved": "https://registry.npmjs.org/mimic-response/-/mimic-response-1.0.1.tgz",
      "integrity": "sha512-j5EctnkH7amfV/q5Hgmoal1g2QHFJRraOtmx0JpIqkxhBhI/lJSl1nMpQ45hVarwNETOoWEimndZ4QK0RHxuxQ==",
      "dev": true
    },
    "min-document": {
      "version": "2.19.0",
      "resolved": "https://registry.npmjs.org/min-document/-/min-document-2.19.0.tgz",
      "integrity": "sha1-e9KC4/WELtKVu3SM3Z8f+iyCRoU=",
      "dev": true,
      "requires": {
        "dom-walk": "^0.1.0"
      }
    },
    "minimist": {
      "version": "1.2.0",
      "resolved": "https://registry.npmjs.org/minimist/-/minimist-1.2.0.tgz",
      "integrity": "sha1-o1AIsg9BOD7sH7kU9M1d95omQoQ="
    },
    "mouse-change": {
      "version": "1.4.0",
      "resolved": "https://registry.npmjs.org/mouse-change/-/mouse-change-1.4.0.tgz",
      "integrity": "sha1-wrd+W/o0pDzhRFyBV6Tk3JiVwU8=",
      "dev": true,
      "requires": {
        "mouse-event": "^1.0.0"
      }
    },
    "mouse-event": {
      "version": "1.0.5",
      "resolved": "https://registry.npmjs.org/mouse-event/-/mouse-event-1.0.5.tgz",
      "integrity": "sha1-s3ie23EJmX1aky0dAdqhVDpQFzI=",
      "dev": true
    },
    "mouse-event-offset": {
      "version": "3.0.2",
      "resolved": "https://registry.npmjs.org/mouse-event-offset/-/mouse-event-offset-3.0.2.tgz",
      "integrity": "sha1-39hqbiSMa6jK1TuQXVA3ogY+mYQ=",
      "dev": true
    },
    "mouse-wheel": {
      "version": "1.2.0",
      "resolved": "https://registry.npmjs.org/mouse-wheel/-/mouse-wheel-1.2.0.tgz",
      "integrity": "sha1-bSkDseqPtI5h8bU7kDZ3PwQs21w=",
      "dev": true,
      "requires": {
        "right-now": "^1.0.0",
        "signum": "^1.0.0",
        "to-px": "^1.0.1"
      }
    },
    "mumath": {
      "version": "3.3.4",
      "resolved": "https://registry.npmjs.org/mumath/-/mumath-3.3.4.tgz",
      "integrity": "sha1-SNSg8P2MrU57Mglu6JsWGmPTC78=",
      "requires": {
        "almost-equal": "^1.1.0"
      }
    },
    "nanoassert": {
      "version": "1.1.0",
      "resolved": "https://registry.npmjs.org/nanoassert/-/nanoassert-1.1.0.tgz",
      "integrity": "sha1-TzFS4JVA/eKMdvRLGbvNHVpCR40=",
      "dev": true
    },
    "nanoraf": {
      "version": "3.1.0",
      "resolved": "https://registry.npmjs.org/nanoraf/-/nanoraf-3.1.0.tgz",
      "integrity": "sha512-7Emv5Pv/fvgVK6yrud93WsdO4d3AUqLoP38Cpn0chYe+tT/wu25Yl2guxBjE3ngRrI5Yd9DxaTCgCFi1uq7hgQ==",
      "dev": true,
      "requires": {
        "nanoassert": "^1.1.0"
      }
    },
    "new-array": {
      "version": "1.0.0",
      "resolved": "https://registry.npmjs.org/new-array/-/new-array-1.0.0.tgz",
      "integrity": "sha1-XbxjnZYerH8an7wacUbsEvKST78=",
      "dev": true
    },
    "next-pow-2": {
      "version": "1.0.0",
      "resolved": "https://registry.npmjs.org/next-pow-2/-/next-pow-2-1.0.0.tgz",
      "integrity": "sha1-y1wvHa4EDFbN1c2h3FxqOjOPQ2c=",
      "dev": true
    },
    "nice-color-palettes": {
      "version": "2.0.0",
      "resolved": "https://registry.npmjs.org/nice-color-palettes/-/nice-color-palettes-2.0.0.tgz",
      "integrity": "sha512-vfQnGTYJuNYaPsCgf5t7mQyRJaVzojRXJ5Qy7iRx4OP914fytCHG3fdtFQIpuGpYjxpcC1Hge1pmLa2a/c0r8w==",
      "dev": true,
      "requires": {
        "map-limit": "0.0.1",
        "minimist": "^1.2.0",
        "new-array": "^1.0.0",
        "xhr-request": "^1.0.1"
      }
    },
    "normalize.css": {
      "version": "8.0.1",
      "resolved": "https://registry.npmjs.org/normalize.css/-/normalize.css-8.0.1.tgz",
      "integrity": "sha512-qizSNPO93t1YUuUhP22btGOo3chcvDFqFaj2TRybP0DMxkHOCTYwp3n34fel4a31ORXy4m1Xq0Gyqpb5m33qIg==",
      "dev": true
    },
    "object-assign": {
      "version": "4.1.1",
      "resolved": "https://registry.npmjs.org/object-assign/-/object-assign-4.1.1.tgz",
      "integrity": "sha1-IQmtx5ZYh8/AXLvUQsrIv7s2CGM="
    },
    "object-inspect": {
      "version": "1.4.1",
      "resolved": "https://registry.npmjs.org/object-inspect/-/object-inspect-1.4.1.tgz",
      "integrity": "sha512-wqdhLpfCUbEsoEwl3FXwGyv8ief1k/1aUdIPCqVnupM6e8l63BEJdiF/0swtn04/8p05tG/T0FrpTlfwvljOdw==",
      "dev": true
    },
    "object-keys": {
      "version": "1.0.12",
      "resolved": "https://registry.npmjs.org/object-keys/-/object-keys-1.0.12.tgz",
      "integrity": "sha512-FTMyFUm2wBcGHnH2eXmz7tC6IwlqQZ6mVZ+6dm6vZ4IQIHjs6FdNsQBuKGPuUUUY6NfJw2PshC08Tn6LzLDOag==",
      "dev": true
    },
    "once": {
      "version": "1.3.3",
      "resolved": "https://registry.npmjs.org/once/-/once-1.3.3.tgz",
      "integrity": "sha1-suJhVXzkwxTsgwTz+oJmPkKXyiA=",
      "dev": true,
      "requires": {
        "wrappy": "1"
      }
    },
    "optionator": {
      "version": "0.8.2",
      "resolved": "https://registry.npmjs.org/optionator/-/optionator-0.8.2.tgz",
      "integrity": "sha1-NkxeQJ0/TWMB1sC0wFu6UBgK62Q=",
      "dev": true,
      "requires": {
        "deep-is": "~0.1.3",
        "fast-levenshtein": "~2.0.4",
        "levn": "~0.3.0",
        "prelude-ls": "~1.1.2",
        "type-check": "~0.3.2",
        "wordwrap": "~1.0.0"
      }
    },
    "os-homedir": {
      "version": "1.0.2",
      "resolved": "https://registry.npmjs.org/os-homedir/-/os-homedir-1.0.2.tgz",
      "integrity": "sha1-/7xJiDNuDoM94MFox+8VISGqf7M="
    },
    "pan-zoom": {
      "version": "2.3.2",
      "resolved": "https://registry.npmjs.org/pan-zoom/-/pan-zoom-2.3.2.tgz",
      "integrity": "sha512-tn8GSFctdf0mYi9asjJixmTUek9dxz7h2+RcOI1522cQ1l0iT/XOrEk5pDZyq2Do/OFU5g0BSrLoVTh9wriO+w==",
      "dev": true,
      "requires": {
        "impetus": "^0.8.3",
        "mouse-wheel": "^1.2.0",
        "touch-pinch": "^1.0.0",
        "touch-position": "^2.0.0"
      }
    },
    "parse-headers": {
      "version": "2.0.1",
      "resolved": "https://registry.npmjs.org/parse-headers/-/parse-headers-2.0.1.tgz",
      "integrity": "sha1-aug6eqJanZtwCswoaYzR8e1+lTY=",
      "dev": true,
      "requires": {
        "for-each": "^0.3.2",
        "trim": "0.0.1"
      }
    },
    "parse-unit": {
      "version": "1.0.1",
      "resolved": "https://registry.npmjs.org/parse-unit/-/parse-unit-1.0.1.tgz",
      "integrity": "sha1-fhu21b7zh0wo45JSaiVBFwKR7s8=",
      "dev": true
    },
    "path-parse": {
      "version": "1.0.6",
      "resolved": "https://registry.npmjs.org/path-parse/-/path-parse-1.0.6.tgz",
      "integrity": "sha512-GSmOT2EbHrINBf9SR7CDELwlJ8AENk3Qn7OikK4nFYAu3Ote2+JYNVvkpAEQm3/TLNEJFD/xZJjzyxg3KBWOzw==",
      "dev": true
    },
    "performance-now": {
      "version": "2.1.0",
      "resolved": "https://registry.npmjs.org/performance-now/-/performance-now-2.1.0.tgz",
      "integrity": "sha1-Ywn04OX6kT7BxpMHrjZLSzd8nns=",
      "dev": true
    },
    "pick-by-alias": {
      "version": "1.2.0",
      "resolved": "https://registry.npmjs.org/pick-by-alias/-/pick-by-alias-1.2.0.tgz",
      "integrity": "sha1-X3yysfIabh6ISgyHhVqko3NhEHs="
    },
    "prelude-ls": {
      "version": "1.1.2",
      "resolved": "https://registry.npmjs.org/prelude-ls/-/prelude-ls-1.1.2.tgz",
      "integrity": "sha1-IZMqVJ9eUv/ZqCf1cOBL5iqX2lQ=",
      "dev": true
    },
    "process": {
      "version": "0.5.2",
      "resolved": "https://registry.npmjs.org/process/-/process-0.5.2.tgz",
      "integrity": "sha1-FjjYqONML0QKkduVq5rrZ3/Bhc8=",
      "dev": true
    },
    "process-nextick-args": {
      "version": "2.0.0",
      "resolved": "https://registry.npmjs.org/process-nextick-args/-/process-nextick-args-2.0.0.tgz",
      "integrity": "sha512-MtEC1TqN0EU5nephaJ4rAtThHtC86dNN9qCuEhtshvpVBkAW5ZO7BASN9REnF9eoXGcRub+pFuKEpOHE+HbEMw==",
      "dev": true
    },
    "query-string": {
      "version": "5.1.1",
      "resolved": "https://registry.npmjs.org/query-string/-/query-string-5.1.1.tgz",
      "integrity": "sha512-gjWOsm2SoGlgLEdAGt7a6slVOk9mGiXmPFMqrEhLQ68rhQuBnpfs3+EmlvqKyxnCo9/PPlF+9MtY02S1aFg+Jw==",
      "dev": true,
      "requires": {
        "decode-uri-component": "^0.2.0",
        "object-assign": "^4.1.0",
        "strict-uri-encode": "^1.0.0"
      }
    },
    "quote-stream": {
      "version": "1.0.2",
      "resolved": "https://registry.npmjs.org/quote-stream/-/quote-stream-1.0.2.tgz",
      "integrity": "sha1-hJY/jJwmuULhU/7rU6rnRlK34LI=",
      "dev": true,
      "requires": {
        "buffer-equal": "0.0.1",
        "minimist": "^1.1.3",
        "through2": "^2.0.0"
      }
    },
    "raf": {
      "version": "3.4.1",
      "resolved": "https://registry.npmjs.org/raf/-/raf-3.4.1.tgz",
      "integrity": "sha512-Sq4CW4QhwOHE8ucn6J34MqtZCeWFP2aQSmrlroYgqAV1PjStIhJXxYuTgUIfkEk7zTLjmIjLmU5q+fbD1NnOJA==",
      "dev": true,
      "requires": {
        "performance-now": "^2.1.0"
      }
    },
    "readable-stream": {
      "version": "2.3.6",
      "resolved": "https://registry.npmjs.org/readable-stream/-/readable-stream-2.3.6.tgz",
      "integrity": "sha512-tQtKA9WIAhBF3+VLAseyMqZeBjW0AHJoxOtYqSUZNJxauErmLbVm2FW1y+J/YA9dUrAC39ITejlZWhVIwawkKw==",
      "dev": true,
      "requires": {
        "core-util-is": "~1.0.0",
        "inherits": "~2.0.3",
        "isarray": "~1.0.0",
        "process-nextick-args": "~2.0.0",
        "safe-buffer": "~5.1.1",
        "string_decoder": "~1.1.1",
        "util-deprecate": "~1.0.1"
      }
    },
    "regenerate": {
      "version": "1.4.0",
      "resolved": "https://registry.npmjs.org/regenerate/-/regenerate-1.4.0.tgz",
      "integrity": "sha512-1G6jJVDWrt0rK99kBjvEtziZNCICAuvIPkSiUFIQxVP06RCVpq3dmDo2oi6ABpYaDYaTRr67BEhL8r1wgEZZKg=="
    },
    "regenerate-unicode-properties": {
      "version": "7.0.0",
      "resolved": "https://registry.npmjs.org/regenerate-unicode-properties/-/regenerate-unicode-properties-7.0.0.tgz",
      "integrity": "sha512-s5NGghCE4itSlUS+0WUj88G6cfMVMmH8boTPNvABf8od+2dhT9WDlWu8n01raQAJZMOK8Ch6jSexaRO7swd6aw==",
      "requires": {
        "regenerate": "^1.4.0"
      }
    },
    "regexpu-core": {
      "version": "4.4.0",
      "resolved": "https://registry.npmjs.org/regexpu-core/-/regexpu-core-4.4.0.tgz",
      "integrity": "sha512-eDDWElbwwI3K0Lo6CqbQbA6FwgtCz4kYTarrri1okfkRLZAqstU+B3voZBCjg8Fl6iq0gXrJG6MvRgLthfvgOA==",
      "requires": {
        "regenerate": "^1.4.0",
        "regenerate-unicode-properties": "^7.0.0",
        "regjsgen": "^0.5.0",
        "regjsparser": "^0.6.0",
        "unicode-match-property-ecmascript": "^1.0.4",
        "unicode-match-property-value-ecmascript": "^1.0.2"
      }
    },
    "regjsgen": {
      "version": "0.5.0",
      "resolved": "https://registry.npmjs.org/regjsgen/-/regjsgen-0.5.0.tgz",
      "integrity": "sha512-RnIrLhrXCX5ow/E5/Mh2O4e/oa1/jW0eaBKTSy3LaCj+M3Bqvm97GWDp2yUtzIs4LEn65zR2yiYGFqb2ApnzDA=="
    },
    "regjsparser": {
      "version": "0.6.0",
      "resolved": "https://registry.npmjs.org/regjsparser/-/regjsparser-0.6.0.tgz",
      "integrity": "sha512-RQ7YyokLiQBomUJuUG8iGVvkgOLxwyZM8k6d3q5SAXpg4r5TZJZigKFvC6PpD+qQ98bCDC5YelPeA3EucDoNeQ==",
      "requires": {
        "jsesc": "~0.5.0"
      }
    },
    "regl": {
      "version": "1.3.11",
      "resolved": "https://registry.npmjs.org/regl/-/regl-1.3.11.tgz",
      "integrity": "sha512-tmt6CRhRqbcsYDWNwv+iG7GGOXdgoOBC7lKzoPMgnzpt3WKBQ3c8i7AxgbvTRZzty29hrW92fAJeZkPFQehfWA==",
      "dev": true
    },
    "repeat-string": {
      "version": "1.6.1",
      "resolved": "https://registry.npmjs.org/repeat-string/-/repeat-string-1.6.1.tgz",
      "integrity": "sha1-jcrkcOHIirwtYA//Sndihtp15jc=",
      "dev": true
    },
    "resolve": {
      "version": "1.9.0",
      "resolved": "https://registry.npmjs.org/resolve/-/resolve-1.9.0.tgz",
      "integrity": "sha512-TZNye00tI67lwYvzxCxHGjwTNlUV70io54/Ed4j6PscB8xVfuBJpRenI/o6dVk0cY0PYTY27AgCoGGxRnYuItQ==",
      "dev": true,
      "requires": {
        "path-parse": "^1.0.6"
      }
    },
    "right-now": {
      "version": "1.0.0",
      "resolved": "https://registry.npmjs.org/right-now/-/right-now-1.0.0.tgz",
      "integrity": "sha1-bolgne69fc2vja7Mmuo5z1haCRg=",
      "dev": true
    },
    "safe-buffer": {
      "version": "5.1.2",
      "resolved": "https://registry.npmjs.org/safe-buffer/-/safe-buffer-5.1.2.tgz",
      "integrity": "sha512-Gd2UZBJDkXlY7GbJxfsE8/nvKkUEU1G38c1siN6QP6a9PT9MmHB8GnpscSmMJSoF8LOIrt8ud/wPtojys4G6+g==",
      "dev": true
    },
    "shallow-copy": {
      "version": "0.0.1",
      "resolved": "https://registry.npmjs.org/shallow-copy/-/shallow-copy-0.0.1.tgz",
      "integrity": "sha1-QV9CcC1z2BAzApLMXuhurhoRoXA=",
      "dev": true
    },
    "signum": {
      "version": "1.0.0",
      "resolved": "https://registry.npmjs.org/signum/-/signum-1.0.0.tgz",
      "integrity": "sha1-dKfSvyogtA66FqkrFSEk8dVZ+nc=",
      "dev": true
    },
    "simple-concat": {
      "version": "1.0.0",
      "resolved": "https://registry.npmjs.org/simple-concat/-/simple-concat-1.0.0.tgz",
      "integrity": "sha1-c0TLuLbib7J9ZrL8hvn21Zl1IcY=",
      "dev": true
    },
    "simple-get": {
      "version": "2.8.1",
      "resolved": "https://registry.npmjs.org/simple-get/-/simple-get-2.8.1.tgz",
      "integrity": "sha512-lSSHRSw3mQNUGPAYRqo7xy9dhKmxFXIjLjp4KHpf99GEH2VH7C3AM+Qfx6du6jhfUi6Vm7XnbEVEf7Wb6N8jRw==",
      "dev": true,
      "requires": {
        "decompress-response": "^3.3.0",
        "once": "^1.3.1",
        "simple-concat": "^1.0.0"
      }
    },
    "source-map": {
      "version": "0.6.1",
      "resolved": "https://registry.npmjs.org/source-map/-/source-map-0.6.1.tgz",
      "integrity": "sha512-UjgapumWlbMhkBgzT7Ykc5YXUT46F0iKu8SGXq0bcwP5dz/h0Plj6enJqjz1Zbq2l5WaqYnrVbwWOWMyF3F47g==",
      "dev": true,
      "optional": true
    },
    "sourcemap-codec": {
      "version": "1.4.4",
      "resolved": "https://registry.npmjs.org/sourcemap-codec/-/sourcemap-codec-1.4.4.tgz",
      "integrity": "sha512-CYAPYdBu34781kLHkaW3m6b/uUSyMOC2R61gcYMWooeuaGtjof86ZA/8T+qVPPt7np1085CR9hmMGrySwEc8Xg=="
    },
    "static-eval": {
      "version": "2.0.0",
      "resolved": "https://registry.npmjs.org/static-eval/-/static-eval-2.0.0.tgz",
      "integrity": "sha512-6flshd3F1Gwm+Ksxq463LtFd1liC77N/PX1FVVc3OzL3hAmo2fwHFbuArkcfi7s9rTNsLEhcRmXGFZhlgy40uw==",
      "dev": true,
      "requires": {
        "escodegen": "^1.8.1"
      }
    },
    "static-module": {
      "version": "2.2.5",
      "resolved": "https://registry.npmjs.org/static-module/-/static-module-2.2.5.tgz",
      "integrity": "sha512-D8vv82E/Kpmz3TXHKG8PPsCPg+RAX6cbCOyvjM6x04qZtQ47EtJFVwRsdov3n5d6/6ynrOY9XB4JkaZwB2xoRQ==",
      "dev": true,
      "requires": {
        "concat-stream": "~1.6.0",
        "convert-source-map": "^1.5.1",
        "duplexer2": "~0.1.4",
        "escodegen": "~1.9.0",
        "falafel": "^2.1.0",
        "has": "^1.0.1",
        "magic-string": "^0.22.4",
        "merge-source-map": "1.0.4",
        "object-inspect": "~1.4.0",
        "quote-stream": "~1.0.2",
        "readable-stream": "~2.3.3",
        "shallow-copy": "~0.0.1",
        "static-eval": "^2.0.0",
        "through2": "~2.0.3"
      },
      "dependencies": {
        "magic-string": {
          "version": "0.22.5",
          "resolved": "https://registry.npmjs.org/magic-string/-/magic-string-0.22.5.tgz",
          "integrity": "sha512-oreip9rJZkzvA8Qzk9HFs8fZGF/u7H/gtrE8EN6RjKJ9kh2HlC+yQ2QezifqTZfGyiuAV0dRv5a+y/8gBb1m9w==",
          "dev": true,
          "requires": {
            "vlq": "^0.2.2"
          }
        },
        "vlq": {
          "version": "0.2.3",
          "resolved": "https://registry.npmjs.org/vlq/-/vlq-0.2.3.tgz",
          "integrity": "sha512-DRibZL6DsNhIgYQ+wNdWDL2SL3bKPlVrRiBqV5yuMm++op8W4kGFtaQfCs4KEJn0wBZcHVHJ3eoywX8983k1ow==",
          "dev": true
        }
      }
    },
    "strict-uri-encode": {
      "version": "1.1.0",
      "resolved": "https://registry.npmjs.org/strict-uri-encode/-/strict-uri-encode-1.1.0.tgz",
      "integrity": "sha1-J5siXfHVgrH1TmWt3UNS4Y+qBxM=",
      "dev": true
    },
    "string_decoder": {
      "version": "1.1.1",
      "resolved": "https://registry.npmjs.org/string_decoder/-/string_decoder-1.1.1.tgz",
      "integrity": "sha512-n/ShnvDi6FHbbVfviro+WojiFzv+s8MPMHBczVePfUpDJLwoLT0ht1l4YwBCbi8pJAveEEdnkHyPyTP/mzRfwg==",
      "dev": true,
      "requires": {
        "safe-buffer": "~5.1.0"
      }
    },
    "supports-color": {
      "version": "5.5.0",
      "resolved": "https://registry.npmjs.org/supports-color/-/supports-color-5.5.0.tgz",
      "integrity": "sha512-QjVjwdXIt408MIiAqCX4oUKsgU2EqAGzs2Ppkm4aQYbjm+ZEWEcW4SfFNTr4uMNZma0ey4f5lgLrkB0aX0QMow==",
      "requires": {
        "has-flag": "^3.0.0"
      }
    },
    "through2": {
      "version": "2.0.5",
      "resolved": "https://registry.npmjs.org/through2/-/through2-2.0.5.tgz",
      "integrity": "sha512-/mrRod8xqpA+IHSLyGCQ2s8SPHiCDEeQJSep1jqLYeEUClOFG2Qsh+4FU6G9VeqpZnGW/Su8LQGc4YKni5rYSQ==",
      "dev": true,
      "requires": {
        "readable-stream": "~2.3.6",
        "xtend": "~4.0.1"
      }
    },
    "timed-out": {
      "version": "4.0.1",
      "resolved": "https://registry.npmjs.org/timed-out/-/timed-out-4.0.1.tgz",
      "integrity": "sha1-8y6srFoXW+ol1/q1Zas+2HQe9W8=",
      "dev": true
    },
    "to-css": {
      "version": "1.2.1",
      "resolved": "https://registry.npmjs.org/to-css/-/to-css-1.2.1.tgz",
      "integrity": "sha1-JCcccnMy7SCQ3eekplL62zBikms=",
      "dev": true,
      "requires": {
        "arrify": "^1.0.0",
        "object-assign": "^4.0.1",
        "repeat-string": "^1.5.2"
      }
    },
    "to-float32": {
      "version": "1.0.1",
      "resolved": "https://registry.npmjs.org/to-float32/-/to-float32-1.0.1.tgz",
      "integrity": "sha512-nOy2WSwae3xhZbc+05xiCuU3ZPPmH0L4Rg4Q1qiOGFSuNSCTB9nVJaGgGl3ZScxAclX/L8hJuDHJGDAzbfuKCQ=="
    },
    "to-px": {
      "version": "1.1.0",
      "resolved": "https://registry.npmjs.org/to-px/-/to-px-1.1.0.tgz",
      "integrity": "sha512-bfg3GLYrGoEzrGoE05TAL/Uw+H/qrf2ptr9V3W7U0lkjjyYnIfgxmVLUfhQ1hZpIQwin81uxhDjvUkDYsC0xWw==",
      "dev": true,
      "requires": {
        "parse-unit": "^1.0.1"
      }
    },
    "touch-pinch": {
      "version": "1.0.1",
      "resolved": "https://registry.npmjs.org/touch-pinch/-/touch-pinch-1.0.1.tgz",
      "integrity": "sha1-UvKu7iYxOXMFcNDM341EOpKzs20=",
      "dev": true,
      "requires": {
        "dprop": "^1.0.0",
        "events": "^1.0.2",
        "gl-vec2": "^1.0.0",
        "mouse-event-offset": "^3.0.2"
      }
    },
    "touch-position": {
      "version": "2.0.0",
      "resolved": "https://registry.npmjs.org/touch-position/-/touch-position-2.0.0.tgz",
      "integrity": "sha1-26fMf26PoZKIFS0inhW33FyCQoY=",
      "dev": true,
      "requires": {
        "events": "^1.0.2",
        "mouse-event-offset": "^3.0.2"
      }
    },
    "trim": {
      "version": "0.0.1",
      "resolved": "https://registry.npmjs.org/trim/-/trim-0.0.1.tgz",
      "integrity": "sha1-WFhUf2spB1fulczMZm+1AITEYN0=",
      "dev": true
    },
    "type-check": {
      "version": "0.3.2",
      "resolved": "https://registry.npmjs.org/type-check/-/type-check-0.3.2.tgz",
      "integrity": "sha1-WITKtRLPHTVeP7eE8wgEsrUg23I=",
      "dev": true,
      "requires": {
        "prelude-ls": "~1.1.2"
      }
    },
    "typedarray": {
      "version": "0.0.6",
      "resolved": "https://registry.npmjs.org/typedarray/-/typedarray-0.0.6.tgz",
      "integrity": "sha1-hnrHTjhkGHsdPUfZlqeOxciDB3c=",
      "dev": true
    },
    "typedarray-methods": {
      "version": "1.0.1",
      "resolved": "https://registry.npmjs.org/typedarray-methods/-/typedarray-methods-1.0.1.tgz",
      "integrity": "sha512-fstWAa225OZ856/4npMqgJP6U1U3vTWnqkn9wokZXzME9pORW9dV8u/v1VRGpo584udKMvCIYlNXzKoIb+UUGg==",
      "dev": true
    },
    "unicode-canonical-property-names-ecmascript": {
      "version": "1.0.4",
      "resolved": "https://registry.npmjs.org/unicode-canonical-property-names-ecmascript/-/unicode-canonical-property-names-ecmascript-1.0.4.tgz",
      "integrity": "sha512-jDrNnXWHd4oHiTZnx/ZG7gtUTVp+gCcTTKr8L0HjlwphROEW3+Him+IpvC+xcJEFegapiMZyZe02CyuOnRmbnQ=="
    },
    "unicode-match-property-ecmascript": {
      "version": "1.0.4",
      "resolved": "https://registry.npmjs.org/unicode-match-property-ecmascript/-/unicode-match-property-ecmascript-1.0.4.tgz",
      "integrity": "sha512-L4Qoh15vTfntsn4P1zqnHulG0LdXgjSO035fEpdtp6YxXhMT51Q6vgM5lYdG/5X3MjS+k/Y9Xw4SFCY9IkR0rg==",
      "requires": {
        "unicode-canonical-property-names-ecmascript": "^1.0.4",
        "unicode-property-aliases-ecmascript": "^1.0.4"
      }
    },
    "unicode-match-property-value-ecmascript": {
      "version": "1.0.2",
      "resolved": "https://registry.npmjs.org/unicode-match-property-value-ecmascript/-/unicode-match-property-value-ecmascript-1.0.2.tgz",
      "integrity": "sha512-Rx7yODZC1L/T8XKo/2kNzVAQaRE88AaMvI1EF/Xnj3GW2wzN6fop9DDWuFAKUVFH7vozkz26DzP0qyWLKLIVPQ=="
    },
    "unicode-property-aliases-ecmascript": {
      "version": "1.0.4",
      "resolved": "https://registry.npmjs.org/unicode-property-aliases-ecmascript/-/unicode-property-aliases-ecmascript-1.0.4.tgz",
      "integrity": "sha512-2WSLa6OdYd2ng8oqiGIWnJqyFArvhn+5vgx5GTxMbUYjCYKUcuKS62YLFF0R/BDGlB1yzXjQOLtPAfHsgirEpg=="
    },
    "update-diff": {
      "version": "1.1.0",
      "resolved": "https://registry.npmjs.org/update-diff/-/update-diff-1.1.0.tgz",
      "integrity": "sha1-9RAYLYHugZ+4LDprIrYrve2ngI8="
    },
    "url-set-query": {
      "version": "1.0.0",
      "resolved": "https://registry.npmjs.org/url-set-query/-/url-set-query-1.0.0.tgz",
      "integrity": "sha1-AW6M/Xwg7gXK/neV6JK9BwL6ozk=",
      "dev": true
    },
    "util-deprecate": {
      "version": "1.0.2",
      "resolved": "https://registry.npmjs.org/util-deprecate/-/util-deprecate-1.0.2.tgz",
      "integrity": "sha1-RQ1Nyfpw3nMnYvvS1KKJgUGaDM8=",
      "dev": true
    },
    "vlq": {
      "version": "1.0.0",
      "resolved": "https://registry.npmjs.org/vlq/-/vlq-1.0.0.tgz",
      "integrity": "sha512-o3WmXySo+oI5thgqr7Qy8uBkT/v9Zr+sRyrh1lr8aWPUkgDWdWt4Nae2WKBrLsocgE8BuWWD0jLc+VW8LeU+2g=="
    },
    "wordwrap": {
      "version": "1.0.0",
      "resolved": "https://registry.npmjs.org/wordwrap/-/wordwrap-1.0.0.tgz",
      "integrity": "sha1-J1hIEIkUVqQXHI0CJkQa3pDLyus=",
      "dev": true
    },
    "wrappy": {
      "version": "1.0.2",
      "resolved": "https://registry.npmjs.org/wrappy/-/wrappy-1.0.2.tgz",
      "integrity": "sha1-tSQ9jz7BqjXxNkYFvA0QNuMKtp8=",
      "dev": true
    },
    "xhr": {
      "version": "2.5.0",
      "resolved": "https://registry.npmjs.org/xhr/-/xhr-2.5.0.tgz",
      "integrity": "sha512-4nlO/14t3BNUZRXIXfXe+3N6w3s1KoxcJUUURctd64BLRe67E4gRwp4PjywtDY72fXpZ1y6Ch0VZQRY/gMPzzQ==",
      "dev": true,
      "requires": {
        "global": "~4.3.0",
        "is-function": "^1.0.1",
        "parse-headers": "^2.0.0",
        "xtend": "^4.0.0"
      }
    },
    "xhr-request": {
      "version": "1.1.0",
      "resolved": "https://registry.npmjs.org/xhr-request/-/xhr-request-1.1.0.tgz",
      "integrity": "sha512-Y7qzEaR3FDtL3fP30k9wO/e+FBnBByZeybKOhASsGP30NIkRAAkKD/sCnLvgEfAIEC1rcmK7YG8f4oEnIrrWzA==",
      "dev": true,
      "requires": {
        "buffer-to-arraybuffer": "^0.0.5",
        "object-assign": "^4.1.1",
        "query-string": "^5.0.1",
        "simple-get": "^2.7.0",
        "timed-out": "^4.0.1",
        "url-set-query": "^1.0.0",
        "xhr": "^2.0.4"
      }
    },
    "xtend": {
      "version": "4.0.1",
      "resolved": "https://registry.npmjs.org/xtend/-/xtend-4.0.1.tgz",
      "integrity": "sha1-pcbVMr5lbiPbgg77lDofBJmNY68=",
      "dev": true
    }
  }
}
